
Microsoft Visual Studio Solution File, Format Version 11.00
# Visual C++ Express 2010
Project("{8BC9CEB8-8B4A-11D0-8D11-00A0C91BC942}") = "smove", "smove\smove.vcxproj", "{28900969-7AA1-4FA2-A5E9-03B044A6CAE5}"
EndProject
Global
	GlobalSection(SolutionConfigurationPlatforms) = preSolution
		Debug|Win32 = Debug|Win32
		Release|Win32 = Release|Win32
	EndGlobalSection
	GlobalSection(ProjectConfigurationPlatforms) = postSolution
		{28900969-7AA1-4FA2-A5E9-03B044A6CAE5}.Debug|Win32.ActiveCfg = Debug|Win32
		{28900969-7AA1-4FA2-A5E9-03B044A6CAE5}.Debug|Win32.Build.0 = Debug|Win32
		{28900969-7AA1-4FA2-A5E9-03B044A6CAE5}.Release|Win32.ActiveCfg = Release|Win32
		{28900969-7AA1-4FA2-A5E9-03B044A6CAE5}.Release|Win32.Build.0 = Release|Win32
	EndGlobalSection
	GlobalSection(SolutionProperties) = preSolution
		HideSolutionNode = FALSE
	EndGlobalSection
EndGlobal
